
Microsoft Visual Studio Solution File, Format Version 12.00
# Visual Studio Version 17
VisualStudioVersion = 17.4.33213.308
MinimumVisualStudioVersion = 10.0.40219.1
Project("{FAE04EC0-301F-11D3-BF4B-00C04F79EFBC}") = "Oficina", "Oficina\Oficina.csproj", "{95C1FB4A-A97A-4652-8304-AB5304538805}"
EndProject
Global
	GlobalSection(SolutionConfigurationPlatforms) = preSolution
		Debug|Any CPU = Debug|Any CPU
		Release|Any CPU = Release|Any CPU
	EndGlobalSection
	GlobalSection(ProjectConfigurationPlatforms) = postSolution
		{95C1FB4A-A97A-4652-8304-AB5304538805}.Debug|Any CPU.ActiveCfg = Debug|Any CPU
		{95C1FB4A-A97A-4652-8304-AB5304538805}.Debug|Any CPU.Build.0 = Debug|Any CPU
		{95C1FB4A-A97A-4652-8304-AB5304538805}.Release|Any CPU.ActiveCfg = Release|Any CPU
		{95C1FB4A-A97A-4652-8304-AB5304538805}.Release|Any CPU.Build.0 = Release|Any CPU
	EndGlobalSection
	GlobalSection(SolutionProperties) = preSolution
		HideSolutionNode = FALSE
	EndGlobalSection
	GlobalSection(ExtensibilityGlobals) = postSolution
		SolutionGuid = {4112807A-B722-4817-B0D5-CE9FC1A8F647}
	EndGlobalSection
EndGlobal
