
Microsoft Visual Studio Solution File, Format Version 12.00
# Visual Studio Version 17
VisualStudioVersion = 17.4.33213.308
MinimumVisualStudioVersion = 10.0.40219.1
Project("{FAE04EC0-301F-11D3-BF4B-00C04F79EFBC}") = "TPV", "TPV\TPV.csproj", "{2465781A-A43B-46F1-AF23-CF3F36B9ECDD}"
EndProject
Global
	GlobalSection(SolutionConfigurationPlatforms) = preSolution
		Debug|Any CPU = Debug|Any CPU
		Release|Any CPU = Release|Any CPU
	EndGlobalSection
	GlobalSection(ProjectConfigurationPlatforms) = postSolution
		{2465781A-A43B-46F1-AF23-CF3F36B9ECDD}.Debug|Any CPU.ActiveCfg = Debug|Any CPU
		{2465781A-A43B-46F1-AF23-CF3F36B9ECDD}.Debug|Any CPU.Build.0 = Debug|Any CPU
		{2465781A-A43B-46F1-AF23-CF3F36B9ECDD}.Release|Any CPU.ActiveCfg = Release|Any CPU
		{2465781A-A43B-46F1-AF23-CF3F36B9ECDD}.Release|Any CPU.Build.0 = Release|Any CPU
	EndGlobalSection
	GlobalSection(SolutionProperties) = preSolution
		HideSolutionNode = FALSE
	EndGlobalSection
	GlobalSection(ExtensibilityGlobals) = postSolution
		SolutionGuid = {B618DFFF-65B9-4881-B492-D5639B112624}
	EndGlobalSection
EndGlobal
